
Microsoft Visual Studio Solution File, Format Version 12.00
# Visual Studio Version 17
VisualStudioVersion = 17.5.002.0
MinimumVisualStudioVersion = 10.0.40219.1
Project("{9A19103F-16F7-4668-BE54-9A1E7A4F7556}") = "Client", "Client.csproj", "{E4940A50-CD5A-401E-AA84-30098BF5A82A}"
EndProject
Global
	GlobalSection(SolutionConfigurationPlatforms) = preSolution
		Debug|Any CPU = Debug|Any CPU
		Release|Any CPU = Release|Any CPU
	EndGlobalSection
	GlobalSection(ProjectConfigurationPlatforms) = postSolution
		{E4940A50-CD5A-401E-AA84-30098BF5A82A}.Debug|Any CPU.ActiveCfg = Debug|Any CPU
		{E4940A50-CD5A-401E-AA84-30098BF5A82A}.Debug|Any CPU.Build.0 = Debug|Any CPU
		{E4940A50-CD5A-401E-AA84-30098BF5A82A}.Release|Any CPU.ActiveCfg = Release|Any CPU
		{E4940A50-CD5A-401E-AA84-30098BF5A82A}.Release|Any CPU.Build.0 = Release|Any CPU
	EndGlobalSection
	GlobalSection(SolutionProperties) = preSolution
		HideSolutionNode = FALSE
	EndGlobalSection
	GlobalSection(ExtensibilityGlobals) = postSolution
		SolutionGuid = {B7B9023D-1192-4752-BB79-02E79F6D435F}
	EndGlobalSection
EndGlobal
